
Microsoft Visual Studio Solution File, Format Version 12.00
Project("{FAE04EC0-301F-11D3-BF4B-00C04F79EFBC}") = "FunctionalTests", "FunctionalTests\FunctionalTests.csproj", "{D3B0D72E-E900-4CDC-96C8-5735A5C4429E}"
EndProject
Global
	GlobalSection(SolutionConfigurationPlatforms) = preSolution
		Debug|Any CPU = Debug|Any CPU
		Release|Any CPU = Release|Any CPU
	EndGlobalSection
	GlobalSection(ProjectConfigurationPlatforms) = postSolution
		{D3B0D72E-E900-4CDC-96C8-5735A5C4429E}.Debug|Any CPU.ActiveCfg = Debug|Any CPU
		{D3B0D72E-E900-4CDC-96C8-5735A5C4429E}.Debug|Any CPU.Build.0 = Debug|Any CPU
		{D3B0D72E-E900-4CDC-96C8-5735A5C4429E}.Release|Any CPU.ActiveCfg = Release|Any CPU
		{D3B0D72E-E900-4CDC-96C8-5735A5C4429E}.Release|Any CPU.Build.0 = Release|Any CPU
	EndGlobalSection
EndGlobal
